<?xml version="1.0" encoding="utf-8"?>
<Project ToolsVersion="4.0" xmlns="http://schemas.microsoft.com/developer/msbuild/2003">
  <ItemGroup>
    <Filter Include="Source Files">
      <UniqueIdentifier>{4FC737F1-C7A5-4376-A066-2A32D752A2FF}</UniqueIdentifier>
      <Extensions>cpp;c;cc;cxx;def;odl;idl;hpj;bat;asm;asmx</Extensions>
    </Filter>
    <Filter Include="Header Files">
      <UniqueIdentifier>{93995380-89BD-4b04-88EB-625FBE52EBFB}</UniqueIdentifier>
      <Extensions>h;hh;hpp;hxx;hm;inl;inc;xsd</Extensions>
    </Filter>
    <Filter Include="Resource Files">
      <UniqueIdentifier>{67DA6AB6-F800-4c08-8B7A-83BB121AAD01}</UniqueIdentifier>
      <Extensions>rc;ico;cur;bmp;dlg;rc2;rct;bin;rgs;gif;jpg;jpeg;jpe;resx;tiff;tif;png;wav;mfcribbon-ms</Extensions>
    </Filter>
    <Filter Include="Header Files\game_objects">
      <UniqueIdentifier>{cca32ec5-533b-4d21-9fc9-c409fee58372}</UniqueIdentifier>
    </Filter>
    <Filter Include="Source Files\game_objects">
      <UniqueIdentifier>{7a233632-bd23-41d5-a4a1-2d9a22389c65}</UniqueIdentifier>
    </Filter>
    <Filter Include="Header Files\physics">
      <UniqueIdentifier>{68d68684-6f5d-4775-b7cb-76529338bad5}</UniqueIdentifier>
    </Filter>
    <Filter Include="Source Files\physics">
      <UniqueIdentifier>{34ff9a0c-3735-40b0-89ee-40cf867bd231}</UniqueIdentifier>
    </Filter>
    <Filter Include="Header Files\screens">
      <UniqueIdentifier>{1377b07c-8da1-4ba5-97c1-483963238ac8}</UniqueIdentifier>
    </Filter>
    <Filter Include="Source Files\screens">
      <UniqueIdentifier>{16adaa9e-bb2a-4c04-96da-c7115a5d92b2}</UniqueIdentifier>
    </Filter>
    <Filter Include="Source Files\game">
      <UniqueIdentifier>{7f70a84a-4046-4f8c-8548-6275b899eeaf}</UniqueIdentifier>
    </Filter>
    <Filter Include="Header Files\game">
      <UniqueIdentifier>{f1724275-e116-49b8-9b8f-713a6b770715}</UniqueIdentifier>
    </Filter>
  </ItemGroup>
  <ItemGroup>
    <ClCompile Include="main.cpp">
      <Filter>Source Files</Filter>
    </ClCompile>
    <ClCompile Include="ball.cpp">
      <Filter>Source Files\game_objects</Filter>
    </ClCompile>
    <ClCompile Include="brick.cpp">
      <Filter>Source Files\game_objects</Filter>
    </ClCompile>
    <ClCompile Include="paddle.cpp">
      <Filter>Source Files\game_objects</Filter>
    </ClCompile>
    <ClCompile Include="game_object.cpp">
      <Filter>Source Files\game_objects</Filter>
    </ClCompile>
    <ClCompile Include="graphics_component.cpp">
      <Filter>Source Files\game_objects</Filter>
    </ClCompile>
    <ClCompile Include="physics_component.cpp">
      <Filter>Source Files\game_objects</Filter>
    </ClCompile>
    <ClCompile Include="collision_engine.cpp">
      <Filter>Source Files\physics</Filter>
    </ClCompile>
    <ClCompile Include="geometry.cpp">
      <Filter>Source Files\physics</Filter>
    </ClCompile>
    <ClCompile Include="breakout.cpp">
      <Filter>Source Files\screens</Filter>
    </ClCompile>
    <ClCompile Include="game_loop.cpp">
      <Filter>Source Files\game</Filter>
    </ClCompile>
    <ClCompile Include="game.cpp">
      <Filter>Source Files\game</Filter>
    </ClCompile>
    <ClCompile Include="resources.cpp">
      <Filter>Source Files\game</Filter>
    </ClCompile>
    <ClCompile Include="sdl_component.cpp">
      <Filter>Source Files\game</Filter>
    </ClCompile>
    <ClCompile Include="screen.cpp">
      <Filter>Source Files\screens</Filter>
    </ClCompile>
    <ClCompile Include="EventQueue.cpp">
      <Filter>Source Files</Filter>
    </ClCompile>
  </ItemGroup>
  <ItemGroup>
    <ClInclude Include="ball.h">
      <Filter>Header Files\game_objects</Filter>
    </ClInclude>
    <ClInclude Include="brick.h">
      <Filter>Header Files\game_objects</Filter>
    </ClInclude>
    <ClInclude Include="paddle.h">
      <Filter>Header Files\game_objects</Filter>
    </ClInclude>
    <ClInclude Include="game_object.h">
      <Filter>Header Files\game_objects</Filter>
    </ClInclude>
    <ClInclude Include="graphics_component.h">
      <Filter>Header Files\game_objects</Filter>
    </ClInclude>
    <ClInclude Include="physics_component.h">
      <Filter>Header Files\game_objects</Filter>
    </ClInclude>
    <ClInclude Include="collision_engine.h">
      <Filter>Header Files\physics</Filter>
    </ClInclude>
    <ClInclude Include="geometry.h">
      <Filter>Header Files\physics</Filter>
    </ClInclude>
    <ClInclude Include="breakout.h">
      <Filter>Header Files\screens</Filter>
    </ClInclude>
    <ClInclude Include="game.h">
      <Filter>Header Files\game</Filter>
    </ClInclude>
    <ClInclude Include="game_constants.h">
      <Filter>Header Files\game</Filter>
    </ClInclude>
    <ClInclude Include="game_loop.h">
      <Filter>Header Files\game</Filter>
    </ClInclude>
    <ClInclude Include="resources.h">
      <Filter>Header Files\game</Filter>
    </ClInclude>
    <ClInclude Include="sdl_component.h">
      <Filter>Header Files\game</Filter>
    </ClInclude>
    <ClInclude Include="screen.h">
      <Filter>Header Files\screens</Filter>
    </ClInclude>
    <ClInclude Include="event_queue.h">
      <Filter>Header Files</Filter>
    </ClInclude>
  </ItemGroup>
</Project>