
Microsoft Visual Studio Solution File, Format Version 12.00
# Visual Studio 15
VisualStudioVersion = 15.0.26730.12
MinimumVisualStudioVersion = 10.0.40219.1
Project("{8BC9CEB8-8B4A-11D0-8D11-00A0C91BC942}") = "breakout", "breakout\breakout.vcxproj", "{DF0324C2-F1D1-4EBC-9391-D56B755EA681}"
EndProject
Global
	GlobalSection(SolutionConfigurationPlatforms) = preSolution
		Debug|x64 = Debug|x64
		Debug|x86 = Debug|x86
		Release|x64 = Release|x64
		Release|x86 = Release|x86
	EndGlobalSection
	GlobalSection(ProjectConfigurationPlatforms) = postSolution
		{DF0324C2-F1D1-4EBC-9391-D56B755EA681}.Debug|x64.ActiveCfg = Debug|x64
		{DF0324C2-F1D1-4EBC-9391-D56B755EA681}.Debug|x64.Build.0 = Debug|x64
		{DF0324C2-F1D1-4EBC-9391-D56B755EA681}.Debug|x86.ActiveCfg = Debug|Win32
		{DF0324C2-F1D1-4EBC-9391-D56B755EA681}.Debug|x86.Build.0 = Debug|Win32
		{DF0324C2-F1D1-4EBC-9391-D56B755EA681}.Release|x64.ActiveCfg = Release|x64
		{DF0324C2-F1D1-4EBC-9391-D56B755EA681}.Release|x64.Build.0 = Release|x64
		{DF0324C2-F1D1-4EBC-9391-D56B755EA681}.Release|x86.ActiveCfg = Release|Win32
		{DF0324C2-F1D1-4EBC-9391-D56B755EA681}.Release|x86.Build.0 = Release|Win32
	EndGlobalSection
	GlobalSection(SolutionProperties) = preSolution
		HideSolutionNode = FALSE
	EndGlobalSection
	GlobalSection(ExtensibilityGlobals) = postSolution
		SolutionGuid = {CB8782DD-4CE4-43A3-B1D6-5C4E8C959924}
	EndGlobalSection
EndGlobal
